
Microsoft Visual Studio Solution File, Format Version 12.00
# Visual Studio Version 17
VisualStudioVersion = 17.3.32811.315
MinimumVisualStudioVersion = 10.0.40219.1
Project("{FAE04EC0-301F-11D3-BF4B-00C04F79EFBC}") = "PersonalExpenses", "PersonalExpenses\PersonalExpenses.csproj", "{68E5839F-9901-4A0F-B684-307509156EDA}"
EndProject
Global
	GlobalSection(SolutionConfigurationPlatforms) = preSolution
		Debug|Any CPU = Debug|Any CPU
		Release|Any CPU = Release|Any CPU
	EndGlobalSection
	GlobalSection(ProjectConfigurationPlatforms) = postSolution
		{68E5839F-9901-4A0F-B684-307509156EDA}.Debug|Any CPU.ActiveCfg = Debug|Any CPU
		{68E5839F-9901-4A0F-B684-307509156EDA}.Debug|Any CPU.Build.0 = Debug|Any CPU
		{68E5839F-9901-4A0F-B684-307509156EDA}.Release|Any CPU.ActiveCfg = Release|Any CPU
		{68E5839F-9901-4A0F-B684-307509156EDA}.Release|Any CPU.Build.0 = Release|Any CPU
	EndGlobalSection
	GlobalSection(SolutionProperties) = preSolution
		HideSolutionNode = FALSE
	EndGlobalSection
	GlobalSection(ExtensibilityGlobals) = postSolution
		SolutionGuid = {F959C4F2-0048-4EED-B430-F035AAF3B528}
	EndGlobalSection
EndGlobal
